
Microsoft Visual Studio Solution File, Format Version 12.00
# Visual Studio Version 16
VisualStudioVersion = 16.0.29102.190
MinimumVisualStudioVersion = 10.0.40219.1
Project("{FAE04EC0-301F-11D3-BF4B-00C04F79EFBC}") = "ExcFilters", "ExcFilters\ExcFilters.csproj", "{C9EA32AF-6A35-4DEE-8342-069A6D7C0D1D}"
EndProject
Global
	GlobalSection(SolutionConfigurationPlatforms) = preSolution
		Debug|Any CPU = Debug|Any CPU
		Release|Any CPU = Release|Any CPU
	EndGlobalSection
	GlobalSection(ProjectConfigurationPlatforms) = postSolution
		{C9EA32AF-6A35-4DEE-8342-069A6D7C0D1D}.Debug|Any CPU.ActiveCfg = Debug|Any CPU
		{C9EA32AF-6A35-4DEE-8342-069A6D7C0D1D}.Debug|Any CPU.Build.0 = Debug|Any CPU
		{C9EA32AF-6A35-4DEE-8342-069A6D7C0D1D}.Release|Any CPU.ActiveCfg = Release|Any CPU
		{C9EA32AF-6A35-4DEE-8342-069A6D7C0D1D}.Release|Any CPU.Build.0 = Release|Any CPU
	EndGlobalSection
	GlobalSection(SolutionProperties) = preSolution
		HideSolutionNode = FALSE
	EndGlobalSection
	GlobalSection(ExtensibilityGlobals) = postSolution
		SolutionGuid = {C552F043-7281-4057-BE52-486E75BBD84A}
	EndGlobalSection
EndGlobal
