
Microsoft Visual Studio Solution File, Format Version 12.00
# Visual Studio 15
VisualStudioVersion = 15.0.28307.757
MinimumVisualStudioVersion = 10.0.40219.1
Project("{FAE04EC0-301F-11D3-BF4B-00C04F79EFBC}") = "HashtableProject", "HashtableProject\HashtableProject.csproj", "{880B65E3-9C94-46F8-A8A6-3F867EFBAF0C}"
EndProject
Global
	GlobalSection(SolutionConfigurationPlatforms) = preSolution
		Debug|Any CPU = Debug|Any CPU
		Release|Any CPU = Release|Any CPU
	EndGlobalSection
	GlobalSection(ProjectConfigurationPlatforms) = postSolution
		{880B65E3-9C94-46F8-A8A6-3F867EFBAF0C}.Debug|Any CPU.ActiveCfg = Debug|Any CPU
		{880B65E3-9C94-46F8-A8A6-3F867EFBAF0C}.Debug|Any CPU.Build.0 = Debug|Any CPU
		{880B65E3-9C94-46F8-A8A6-3F867EFBAF0C}.Release|Any CPU.ActiveCfg = Release|Any CPU
		{880B65E3-9C94-46F8-A8A6-3F867EFBAF0C}.Release|Any CPU.Build.0 = Release|Any CPU
	EndGlobalSection
	GlobalSection(SolutionProperties) = preSolution
		HideSolutionNode = FALSE
	EndGlobalSection
	GlobalSection(ExtensibilityGlobals) = postSolution
		SolutionGuid = {DB18E875-78CA-40B5-A511-B27552AAC1D5}
	EndGlobalSection
EndGlobal
